
Microsoft Visual Studio Solution File, Format Version 12.00
# Visual Studio Version 17
VisualStudioVersion = 17.7.34221.43
MinimumVisualStudioVersion = 10.0.40219.1
Project("{9A19103F-16F7-4668-BE54-9A1E7A4F7556}") = "StaffRegister.PL", "StaffRegister.PL\StaffRegister.PL.csproj", "{E71F115D-ED64-4836-A8FC-AA851B3266EB}"
EndProject
Project("{9A19103F-16F7-4668-BE54-9A1E7A4F7556}") = "StaffRegister.BLL", "StaffRegister.BLL\StaffRegister.BLL.csproj", "{A5F0A2F7-80A9-4072-A26C-542EBEC73361}"
EndProject
Global
	GlobalSection(SolutionConfigurationPlatforms) = preSolution
		Debug|Any CPU = Debug|Any CPU
		Release|Any CPU = Release|Any CPU
	EndGlobalSection
	GlobalSection(ProjectConfigurationPlatforms) = postSolution
		{E71F115D-ED64-4836-A8FC-AA851B3266EB}.Debug|Any CPU.ActiveCfg = Debug|Any CPU
		{E71F115D-ED64-4836-A8FC-AA851B3266EB}.Debug|Any CPU.Build.0 = Debug|Any CPU
		{E71F115D-ED64-4836-A8FC-AA851B3266EB}.Release|Any CPU.ActiveCfg = Release|Any CPU
		{E71F115D-ED64-4836-A8FC-AA851B3266EB}.Release|Any CPU.Build.0 = Release|Any CPU
		{A5F0A2F7-80A9-4072-A26C-542EBEC73361}.Debug|Any CPU.ActiveCfg = Debug|Any CPU
		{A5F0A2F7-80A9-4072-A26C-542EBEC73361}.Debug|Any CPU.Build.0 = Debug|Any CPU
		{A5F0A2F7-80A9-4072-A26C-542EBEC73361}.Release|Any CPU.ActiveCfg = Release|Any CPU
		{A5F0A2F7-80A9-4072-A26C-542EBEC73361}.Release|Any CPU.Build.0 = Release|Any CPU
	EndGlobalSection
	GlobalSection(SolutionProperties) = preSolution
		HideSolutionNode = FALSE
	EndGlobalSection
	GlobalSection(ExtensibilityGlobals) = postSolution
		SolutionGuid = {EA0C2675-0E6B-4E65-991B-D7EF5A69350F}
	EndGlobalSection
EndGlobal
